
Microsoft Visual Studio Solution File, Format Version 12.00
# Visual Studio Version 17
VisualStudioVersion = 17.8.34511.84
MinimumVisualStudioVersion = 10.0.40219.1
Project("{FAE04EC0-301F-11D3-BF4B-00C04F79EFBC}") = "QuanLyGiaoVu", "QuanLyGiaoVu\QuanLyGiaoVu.csproj", "{362603DD-B9CA-4CE7-9F21-EBFA1E35A371}"
EndProject
Global
	GlobalSection(SolutionConfigurationPlatforms) = preSolution
		Debug|Any CPU = Debug|Any CPU
		Release|Any CPU = Release|Any CPU
	EndGlobalSection
	GlobalSection(ProjectConfigurationPlatforms) = postSolution
		{362603DD-B9CA-4CE7-9F21-EBFA1E35A371}.Debug|Any CPU.ActiveCfg = Debug|Any CPU
		{362603DD-B9CA-4CE7-9F21-EBFA1E35A371}.Debug|Any CPU.Build.0 = Debug|Any CPU
		{362603DD-B9CA-4CE7-9F21-EBFA1E35A371}.Release|Any CPU.ActiveCfg = Release|Any CPU
		{362603DD-B9CA-4CE7-9F21-EBFA1E35A371}.Release|Any CPU.Build.0 = Release|Any CPU
	EndGlobalSection
	GlobalSection(SolutionProperties) = preSolution
		HideSolutionNode = FALSE
	EndGlobalSection
	GlobalSection(ExtensibilityGlobals) = postSolution
		SolutionGuid = {0F8FE291-70F9-4178-A706-98B09D25E95E}
	EndGlobalSection
EndGlobal
